version: 1
checksums:
  de800d16f427a2681a5bcf46beb42a3d:
    crumble.consent: 1d45cadfc241547860ea2b1896d8b47c
    crumble.log: 56f35c02dc64a42c96169d6322ac1763
    crumble.texts: 77543ea495bfe2047bb2eaf1bdfaad90
    crumble.categories: fd4e44f3b1b2bba9ca45f3aef963d042
    crumble.style: 495987fe12e3d7cbb9802e422de06f74
    crumble.fields.consentModal: 850788be8cf9f20e5521b9356cf196c8
    crumble.fields.consentModal.help: 442ae826455d4ebb62bd2f34f8f29112
    crumble.fields.preferencesModal: e44beef579fd73e8d68761aeb450346e
    crumble.fields.preferencesModal.help: bc3a05b543094d8480f7d22a465e0d13
    crumble.fields.flipButtons: d3464f16ae4d27cfdaf18e66b019befb
    crumble.fields.disablePageInteraction: 749fd22fdda64166e8b4ebc82678604e
    crumble.fields.disablePageInteraction.help: 7759d1936d78d55d167c02f99a277afc
    crumble.fields.layout: 8ab849bdcd801c13e7e85474299e4ee8
    crumble.fields.layout.box: 819d9ea2df7f39ff43e496c8e378990a
    crumble.fields.layout.bar: 06c6871083f76c237d5881f91789885b
    crumble.fields.size: 227fadeeff951e041ff42031a11a4626
    crumble.fields.size.default: d9c6dc5c412fe94143dfd1d332ec81d4
    crumble.fields.size.wide: c6777426a822d7d1b7d2010ce824ad7d
    crumble.fields.layout.cloud: ad5f56ebd5ba9ff68f0b347e8b8e65e9
    crumble.fields.variant: e9e072f47ce53e126135d6be0ed55e41
    crumble.fields.variant.default: d9c6dc5c412fe94143dfd1d332ec81d4
    crumble.fields.variant.inline: b29b97783486f308106ae8cc0f5bcc2e
    crumble.fields.variant.wide: c6777426a822d7d1b7d2010ce824ad7d
    crumble.fields.position: 8ba464c700080c55106d9e680b4b37e5
    crumble.fields.position.left: f849afc23c62251a3c18c39642ea1955
    crumble.fields.position.right: d2ecd32a214b897f3edddb395a04253d
    crumble.fields.position.top: 907fb11fa2d46aa775a438d541457db7
    crumble.fields.position.bottom: d1c0ae72803cc41e3434018d142663df
    crumble.fields.position.topLeft: aa61bb29b56df3e046b6d68d89ee8986
    crumble.fields.position.topCenter: 62685dfe996094950c309091975da7e4
    crumble.fields.position.topRight: 241f95c923846911aaf13af6109333e5
    crumble.fields.position.middleLeft: 2f55af8fd646f5f95bbabcd58a62129a
    crumble.fields.position.middleCenter: f5ce7c6b74d1fe3308e0e16887f7ea03
    crumble.fields.position.middleRight: 97ab2b40ddc40349b09468875b0fe0be
    crumble.fields.position.bottomLeft: af9c28e07d6a12af1f18bce2f580d93d
    crumble.fields.position.bottomCenter: 0a159b8ca651ad0670ce7e541cd1d12c
    crumble.fields.position.bottomRight: aaef9a70ef795affc806c6d1853d8373
    crumble.fields.content: 669b337031ef165af577f04f2b7fd54f
    crumble.fields.category.name.label: 9368b5a047572b6051f334af5aa76819
    crumble.fields.category.description.label: e17686a22ffad04cc7bb70524ed4478b
    crumble.fields.category.services.label: 8ea10b45b9abab2a3bfc3c07e1c9cdc6
    crumble.fields.category.cookies.label: 09fa197d6544120e81578268469ab18e
    crumble.fields.category.id.label: a45215b3aa061111b7132932edf4808b
    crumble.fields.category.domain.label: 402d46965eacc3af4c5df92e53e95712
    crumble.fields.category.expiration.label: ae95c3fff4ffd087a40fc824b67389cc
    crumble.fields.category.autoDelete.label: c7e5747ba7223398ea0877447a158eb3
    crumble.fields.category.id.help: d49c18ce915ff4a4157e15c522197985
    crumble.fields.category.mandatory.label: 42ffec30bbf512d8d9f169a231966629
    crumble.fields.category.mandatory.help: 9198b5ff25a92b514b8cd92dc1c56ea4
    crumble.fields.title.label: 344e64395eaff6822a57d18623853e1a
    crumble.fields.buttons: a17d01d48d06c3cc55aa722cefd04929
    crumble.fields.buttons.help: e90e9ca2bdde57dfc49ea9f33cc72f20
    crumble.fields.description.label: e17686a22ffad04cc7bb70524ed4478b
    crumble.fields.acceptAll.label: d0ceaf6a090075602a3d44626dff2c88
    crumble.fields.acceptNecessary.label: 4f14ba3c02ce8942ada37ddfa65f8aaf
    crumble.fields.showPreferences.label: 42e3931e99365e98e699b2bddab8d6d8
    crumble.fields.savePreferences.label: 744ea7646692698c1cf0886d73cc7bfd
    crumble.strings.consentModal.title: 2ee545252bb9ad69739dfcdf9fd435b5
    crumble.strings.consentModal.description: f312d800f99143f50ec4c9b65e51227c
    crumble.strings.consentModal.acceptAllBtn: 264f063c2b6027e9792430fbeed26609
    crumble.strings.consentModal.acceptNecessaryBtn: 4ac22ea1ecf45606d90ad1646b56ac2d
    crumble.strings.consentModal.showPreferencesBtn: 50f8afbc22aa4344055607582f7b485c
    crumble.strings.preferencesModal.title: 8539e192695d87d377f206b81e847cbd
    crumble.strings.preferencesModal.acceptAllBtn: 264f063c2b6027e9792430fbeed26609
    crumble.strings.preferencesModal.acceptNecessaryBtn: 4ac22ea1ecf45606d90ad1646b56ac2d
    crumble.strings.preferencesModal.savePreferencesBtn: 987562364bfd4a735578f2da2394bbcd
    crumble.strings.preferencesModal.closeIconLabel: 36529315c0638124086c5b05a834687f
    crumble.log.resetFilters: 9d56ad0c7637ea5d19cd1fe43b30b3f6
    crumble.log.noResults: 5518f2865757dc73900aa03ef8be6934
    crumble.log.empty: b42cbb06ef1939da1e3de9950de41edd
    crumble.log.categories.all: bb1277b9e7c8c43f8e630fe9b9c23412
    crumble.log.timeRange.lastHour: a5f1c6049682651af9f68de955f3f878
    crumble.log.timeRange.last24Hours: 0bc5386969795001992fccbe817580d3
    crumble.log.timeRange.last7Days: 3631df3109bfecfe358ba15dcf8bd6f5
    crumble.log.timeRange.last30Days: a738894cfc5e592052f1e16787744568
    crumble.log.timeRange.allTime: 62258944e7c2e83f3ebf69074b2c2156
    crumble.log.action: c92af0bdf1698b0d10cf5b28d2ad4945
    crumble.log.timestamp: dca66baee66b56fa66e399798d9e4976
    crumble.log.ipAddress: 8f2b4d42a165a4c165eca4d7639ce57e
    crumble.log.acceptType: 32131448a3961b99a71f333292470874
    crumble.log.categories: fd4e44f3b1b2bba9ca45f3aef963d042
    crumble.log.country: 73581fc33a1e83e6a56db73558e7b5c6
    crumble.log.stats.title: 6774b3a4ae82401358d6510cbabf47f8
    crumble.log.stats.total: 71a3802f97e766053f02ecc21058b202
    crumble.log.stats.consents: 693c92addd00f2ddce99bf2a9da4b5b7
    crumble.log.stats.withdrawals: 4f557c00affbc9ba31b380c6c9b39156
    crumble.log.stats.acceptanceRate: 7dbdff22f5bed907ba653dea95aa3dc7
    crumble.log.acceptType.necessary: d88e07d31a02fc27bf0ed815ca8a0657
    crumble.log.acceptType.custom: db0dc1a66a11bfbd3a8f8cce80d5214c
    crumble.log.acceptType.all: bb1277b9e7c8c43f8e630fe9b9c23412
    crumble.log.action.consent: f1b822f5c7f70c57efa8edd5ec06318e
    crumble.log.action.withdrawn: becaedeb99b95dfff387b959114a7411
